// !$*UTF8*$!
{
	archiveVersion = 1;
	classes = {
	};
	objectVersion = 51;
	objects = {

/* Begin PBXBuildFile section */
		15CE935D5BBBF43468AD93E5 /* Pods_PushleyTests.framework in Frameworks */ = {isa = PBXBuildFile; fileRef = 15B852B3CA5E5CDF065F8BCA /* Pods_PushleyTests.framework */; };
		5915DD202432F25B003E7816 /* AppDelegate.swift in Sources */ = {isa = PBXBuildFile; fileRef = 5915DD1F2432F25B003E7816 /* AppDelegate.swift */; };
		5915DD242432F25C003E7816 /* Assets.xcassets in Resources */ = {isa = PBXBuildFile; fileRef = 5915DD232432F25C003E7816 /* Assets.xcassets */; };
		5915DD272432F25C003E7816 /* Preview Assets.xcassets in Resources */ = {isa = PBXBuildFile; fileRef = 5915DD262432F25C003E7816 /* Preview Assets.xcassets */; };
		5915DD2A2432F25C003E7816 /* Main.storyboard in Resources */ = {isa = PBXBuildFile; fileRef = 5915DD282432F25C003E7816 /* Main.storyboard */; };
		5915DD362432F25C003E7816 /* PushleyTests.swift in Sources */ = {isa = PBXBuildFile; fileRef = 5915DD352432F25C003E7816 /* PushleyTests.swift */; };
		5915DD412432F25C003E7816 /* PushleyUITests.swift in Sources */ = {isa = PBXBuildFile; fileRef = 5915DD402432F25C003E7816 /* PushleyUITests.swift */; };
		5915DD5D2432F2DF003E7816 /* Certificate.swift in Sources */ = {isa = PBXBuildFile; fileRef = 5915DD522432F2DF003E7816 /* Certificate.swift */; };
		5915DD5E2432F2DF003E7816 /* APNNetworker.swift in Sources */ = {isa = PBXBuildFile; fileRef = 5915DD542432F2DF003E7816 /* APNNetworker.swift */; };
		5915DD5F2432F2DF003E7816 /* JsonBodyStringEncoding.swift in Sources */ = {isa = PBXBuildFile; fileRef = 5915DD552432F2DF003E7816 /* JsonBodyStringEncoding.swift */; };
		5915DD602432F2DF003E7816 /* PushViewModel.swift in Sources */ = {isa = PBXBuildFile; fileRef = 5915DD582432F2DF003E7816 /* PushViewModel.swift */; };
		5915DD622432F2DF003E7816 /* PushView.swift in Sources */ = {isa = PBXBuildFile; fileRef = 5915DD5A2432F2DF003E7816 /* PushView.swift */; };
		596AA61C24566B82007EA704 /* FilePicker.swift in Sources */ = {isa = PBXBuildFile; fileRef = 596AA61B24566B82007EA704 /* FilePicker.swift */; };
		596AA61E24567A40007EA704 /* Dialog.swift in Sources */ = {isa = PBXBuildFile; fileRef = 596AA61D24567A40007EA704 /* Dialog.swift */; };
		596AA62024568629007EA704 /* PushNotification.swift in Sources */ = {isa = PBXBuildFile; fileRef = 596AA61F24568629007EA704 /* PushNotification.swift */; };
		59B082022457F14F003DA6B7 /* CodableExtensions.swift in Sources */ = {isa = PBXBuildFile; fileRef = 59B082012457F14F003DA6B7 /* CodableExtensions.swift */; };
		59BF8D342456D9A5000E4BF0 /* DateExtension.swift in Sources */ = {isa = PBXBuildFile; fileRef = 59BF8D332456D9A5000E4BF0 /* DateExtension.swift */; };
		59BF8D392457AB67000E4BF0 /* PushNotificationRepository.swift in Sources */ = {isa = PBXBuildFile; fileRef = 59BF8D382457AB67000E4BF0 /* PushNotificationRepository.swift */; };
		59BF8D3C2457B3DB000E4BF0 /* DIContainer.swift in Sources */ = {isa = PBXBuildFile; fileRef = 59BF8D3B2457B3DB000E4BF0 /* DIContainer.swift */; };
		6EC47D92F866450D9D87D5CA /* Pods_Pushley.framework in Frameworks */ = {isa = PBXBuildFile; fileRef = 8D3275D767F9635A2EF6A85D /* Pods_Pushley.framework */; };
		9327E71BBAD774EFAE9B0EFB /* Pods_Pushley_PushleyUITests.framework in Frameworks */ = {isa = PBXBuildFile; fileRef = 87E85474F1DC81AAE5A01F39 /* Pods_Pushley_PushleyUITests.framework */; };
/* End PBXBuildFile section */

/* Begin PBXContainerItemProxy section */
		5915DD322432F25C003E7816 /* PBXContainerItemProxy */ = {
			isa = PBXContainerItemProxy;
			containerPortal = 5915DD142432F25B003E7816 /* Project object */;
			proxyType = 1;
			remoteGlobalIDString = 5915DD1B2432F25B003E7816;
			remoteInfo = Pushley;
		};
		5915DD3D2432F25C003E7816 /* PBXContainerItemProxy */ = {
			isa = PBXContainerItemProxy;
			containerPortal = 5915DD142432F25B003E7816 /* Project object */;
			proxyType = 1;
			remoteGlobalIDString = 5915DD1B2432F25B003E7816;
			remoteInfo = Pushley;
		};
/* End PBXContainerItemProxy section */

/* Begin PBXFileReference section */
		15B852B3CA5E5CDF065F8BCA /* Pods_PushleyTests.framework */ = {isa = PBXFileReference; explicitFileType = wrapper.framework; includeInIndex = 0; path = Pods_PushleyTests.framework; sourceTree = BUILT_PRODUCTS_DIR; };
		445BC1F747B353F182CD3817 /* Pods-Pushley.release.xcconfig */ = {isa = PBXFileReference; includeInIndex = 1; lastKnownFileType = text.xcconfig; name = "Pods-Pushley.release.xcconfig"; path = "Target Support Files/Pods-Pushley/Pods-Pushley.release.xcconfig"; sourceTree = "<group>"; };
		44BC479C4DA1E412F88C2A4C /* Pods-Pushley-PushleyUITests.release.xcconfig */ = {isa = PBXFileReference; includeInIndex = 1; lastKnownFileType = text.xcconfig; name = "Pods-Pushley-PushleyUITests.release.xcconfig"; path = "Target Support Files/Pods-Pushley-PushleyUITests/Pods-Pushley-PushleyUITests.release.xcconfig"; sourceTree = "<group>"; };
		546B50B942E99120BA624D3A /* Pods-PushleyTests.debug.xcconfig */ = {isa = PBXFileReference; includeInIndex = 1; lastKnownFileType = text.xcconfig; name = "Pods-PushleyTests.debug.xcconfig"; path = "Target Support Files/Pods-PushleyTests/Pods-PushleyTests.debug.xcconfig"; sourceTree = "<group>"; };
		5915DD1C2432F25B003E7816 /* Pushley.app */ = {isa = PBXFileReference; explicitFileType = wrapper.application; includeInIndex = 0; path = Pushley.app; sourceTree = BUILT_PRODUCTS_DIR; };
		5915DD1F2432F25B003E7816 /* AppDelegate.swift */ = {isa = PBXFileReference; lastKnownFileType = sourcecode.swift; path = AppDelegate.swift; sourceTree = "<group>"; };
		5915DD232432F25C003E7816 /* Assets.xcassets */ = {isa = PBXFileReference; lastKnownFileType = folder.assetcatalog; path = Assets.xcassets; sourceTree = "<group>"; };
		5915DD262432F25C003E7816 /* Preview Assets.xcassets */ = {isa = PBXFileReference; lastKnownFileType = folder.assetcatalog; path = "Preview Assets.xcassets"; sourceTree = "<group>"; };
		5915DD292432F25C003E7816 /* Base */ = {isa = PBXFileReference; lastKnownFileType = file.storyboard; name = Base; path = Base.lproj/Main.storyboard; sourceTree = "<group>"; };
		5915DD2B2432F25C003E7816 /* Info.plist */ = {isa = PBXFileReference; lastKnownFileType = text.plist.xml; path = Info.plist; sourceTree = "<group>"; };
		5915DD2C2432F25C003E7816 /* Pushley.entitlements */ = {isa = PBXFileReference; lastKnownFileType = text.plist.entitlements; path = Pushley.entitlements; sourceTree = "<group>"; };
		5915DD312432F25C003E7816 /* PushleyTests.xctest */ = {isa = PBXFileReference; explicitFileType = wrapper.cfbundle; includeInIndex = 0; path = PushleyTests.xctest; sourceTree = BUILT_PRODUCTS_DIR; };
		5915DD352432F25C003E7816 /* PushleyTests.swift */ = {isa = PBXFileReference; lastKnownFileType = sourcecode.swift; path = PushleyTests.swift; sourceTree = "<group>"; };
		5915DD372432F25C003E7816 /* Info.plist */ = {isa = PBXFileReference; lastKnownFileType = text.plist.xml; path = Info.plist; sourceTree = "<group>"; };
		5915DD3C2432F25C003E7816 /* PushleyUITests.xctest */ = {isa = PBXFileReference; explicitFileType = wrapper.cfbundle; includeInIndex = 0; path = PushleyUITests.xctest; sourceTree = BUILT_PRODUCTS_DIR; };
		5915DD402432F25C003E7816 /* PushleyUITests.swift */ = {isa = PBXFileReference; lastKnownFileType = sourcecode.swift; path = PushleyUITests.swift; sourceTree = "<group>"; };
		5915DD422432F25C003E7816 /* Info.plist */ = {isa = PBXFileReference; lastKnownFileType = text.plist.xml; path = Info.plist; sourceTree = "<group>"; };
		5915DD522432F2DF003E7816 /* Certificate.swift */ = {isa = PBXFileReference; fileEncoding = 4; lastKnownFileType = sourcecode.swift; path = Certificate.swift; sourceTree = "<group>"; };
		5915DD542432F2DF003E7816 /* APNNetworker.swift */ = {isa = PBXFileReference; fileEncoding = 4; lastKnownFileType = sourcecode.swift; path = APNNetworker.swift; sourceTree = "<group>"; };
		5915DD552432F2DF003E7816 /* JsonBodyStringEncoding.swift */ = {isa = PBXFileReference; fileEncoding = 4; lastKnownFileType = sourcecode.swift; path = JsonBodyStringEncoding.swift; sourceTree = "<group>"; };
		5915DD582432F2DF003E7816 /* PushViewModel.swift */ = {isa = PBXFileReference; fileEncoding = 4; lastKnownFileType = sourcecode.swift; path = PushViewModel.swift; sourceTree = "<group>"; };
		5915DD5A2432F2DF003E7816 /* PushView.swift */ = {isa = PBXFileReference; fileEncoding = 4; lastKnownFileType = sourcecode.swift; path = PushView.swift; sourceTree = "<group>"; };
		596AA61B24566B82007EA704 /* FilePicker.swift */ = {isa = PBXFileReference; lastKnownFileType = sourcecode.swift; path = FilePicker.swift; sourceTree = "<group>"; };
		596AA61D24567A40007EA704 /* Dialog.swift */ = {isa = PBXFileReference; lastKnownFileType = sourcecode.swift; path = Dialog.swift; sourceTree = "<group>"; };
		596AA61F24568629007EA704 /* PushNotification.swift */ = {isa = PBXFileReference; lastKnownFileType = sourcecode.swift; path = PushNotification.swift; sourceTree = "<group>"; };
		59B082012457F14F003DA6B7 /* CodableExtensions.swift */ = {isa = PBXFileReference; fileEncoding = 4; lastKnownFileType = sourcecode.swift; path = CodableExtensions.swift; sourceTree = "<group>"; };
		59BF8D332456D9A5000E4BF0 /* DateExtension.swift */ = {isa = PBXFileReference; lastKnownFileType = sourcecode.swift; path = DateExtension.swift; sourceTree = "<group>"; };
		59BF8D382457AB67000E4BF0 /* PushNotificationRepository.swift */ = {isa = PBXFileReference; lastKnownFileType = sourcecode.swift; path = PushNotificationRepository.swift; sourceTree = "<group>"; };
		59BF8D3B2457B3DB000E4BF0 /* DIContainer.swift */ = {isa = PBXFileReference; lastKnownFileType = sourcecode.swift; path = DIContainer.swift; sourceTree = "<group>"; };
		87E85474F1DC81AAE5A01F39 /* Pods_Pushley_PushleyUITests.framework */ = {isa = PBXFileReference; explicitFileType = wrapper.framework; includeInIndex = 0; path = Pods_Pushley_PushleyUITests.framework; sourceTree = BUILT_PRODUCTS_DIR; };
		8D3275D767F9635A2EF6A85D /* Pods_Pushley.framework */ = {isa = PBXFileReference; explicitFileType = wrapper.framework; includeInIndex = 0; path = Pods_Pushley.framework; sourceTree = BUILT_PRODUCTS_DIR; };
		A65EC6BF82EC4BCB18C0E4DE /* Pods-Pushley.debug.xcconfig */ = {isa = PBXFileReference; includeInIndex = 1; lastKnownFileType = text.xcconfig; name = "Pods-Pushley.debug.xcconfig"; path = "Target Support Files/Pods-Pushley/Pods-Pushley.debug.xcconfig"; sourceTree = "<group>"; };
		BE7B18E61A0C4701E33A02D7 /* Pods-Pushley-PushleyUITests.debug.xcconfig */ = {isa = PBXFileReference; includeInIndex = 1; lastKnownFileType = text.xcconfig; name = "Pods-Pushley-PushleyUITests.debug.xcconfig"; path = "Target Support Files/Pods-Pushley-PushleyUITests/Pods-Pushley-PushleyUITests.debug.xcconfig"; sourceTree = "<group>"; };
		D30436F461A0C5414012417A /* Pods-PushleyTests.release.xcconfig */ = {isa = PBXFileReference; includeInIndex = 1; lastKnownFileType = text.xcconfig; name = "Pods-PushleyTests.release.xcconfig"; path = "Target Support Files/Pods-PushleyTests/Pods-PushleyTests.release.xcconfig"; sourceTree = "<group>"; };
/* End PBXFileReference section */

/* Begin PBXFrameworksBuildPhase section */
		5915DD192432F25B003E7816 /* Frameworks */ = {
			isa = PBXFrameworksBuildPhase;
			buildActionMask = 2147483647;
			files = (
				6EC47D92F866450D9D87D5CA /* Pods_Pushley.framework in Frameworks */,
			);
			runOnlyForDeploymentPostprocessing = 0;
		};
		5915DD2E2432F25C003E7816 /* Frameworks */ = {
			isa = PBXFrameworksBuildPhase;
			buildActionMask = 2147483647;
			files = (
				15CE935D5BBBF43468AD93E5 /* Pods_PushleyTests.framework in Frameworks */,
			);
			runOnlyForDeploymentPostprocessing = 0;
		};
		5915DD392432F25C003E7816 /* Frameworks */ = {
			isa = PBXFrameworksBuildPhase;
			buildActionMask = 2147483647;
			files = (
				9327E71BBAD774EFAE9B0EFB /* Pods_Pushley_PushleyUITests.framework in Frameworks */,
			);
			runOnlyForDeploymentPostprocessing = 0;
		};
/* End PBXFrameworksBuildPhase section */

/* Begin PBXGroup section */
		12ECF0676CB9AC0B407EF223 /* Pods */ = {
			isa = PBXGroup;
			children = (
				A65EC6BF82EC4BCB18C0E4DE /* Pods-Pushley.debug.xcconfig */,
				445BC1F747B353F182CD3817 /* Pods-Pushley.release.xcconfig */,
				BE7B18E61A0C4701E33A02D7 /* Pods-Pushley-PushleyUITests.debug.xcconfig */,
				44BC479C4DA1E412F88C2A4C /* Pods-Pushley-PushleyUITests.release.xcconfig */,
				546B50B942E99120BA624D3A /* Pods-PushleyTests.debug.xcconfig */,
				D30436F461A0C5414012417A /* Pods-PushleyTests.release.xcconfig */,
			);
			path = Pods;
			sourceTree = "<group>";
		};
		5915DD132432F25B003E7816 = {
			isa = PBXGroup;
			children = (
				5915DD1E2432F25B003E7816 /* Pushley */,
				5915DD342432F25C003E7816 /* PushleyTests */,
				5915DD3F2432F25C003E7816 /* PushleyUITests */,
				5915DD1D2432F25B003E7816 /* Products */,
				12ECF0676CB9AC0B407EF223 /* Pods */,
				DFE3883D5531B14879316A8F /* Frameworks */,
			);
			sourceTree = "<group>";
		};
		5915DD1D2432F25B003E7816 /* Products */ = {
			isa = PBXGroup;
			children = (
				5915DD1C2432F25B003E7816 /* Pushley.app */,
				5915DD312432F25C003E7816 /* PushleyTests.xctest */,
				5915DD3C2432F25C003E7816 /* PushleyUITests.xctest */,
			);
			name = Products;
			sourceTree = "<group>";
		};
		5915DD1E2432F25B003E7816 /* Pushley */ = {
			isa = PBXGroup;
			children = (
				5915DD1F2432F25B003E7816 /* AppDelegate.swift */,
				5915DD512432F2DF003E7816 /* Model */,
				59BF8D312456D97D000E4BF0 /* Extension */,
				59BF8D3A2457B3CC000E4BF0 /* DI */,
				5915DD532432F2DF003E7816 /* Network */,
				59BF8D322456D990000E4BF0 /* Helper */,
				59BF8D372457AAFB000E4BF0 /* Repository */,
				5915DD562432F2DF003E7816 /* UI */,
				5915DD4E2432F2DF003E7816 /* Resources */,
				5915DD232432F25C003E7816 /* Assets.xcassets */,
				5915DD282432F25C003E7816 /* Main.storyboard */,
				5915DD2B2432F25C003E7816 /* Info.plist */,
				5915DD2C2432F25C003E7816 /* Pushley.entitlements */,
				5915DD252432F25C003E7816 /* Preview Content */,
			);
			path = Pushley;
			sourceTree = "<group>";
		};
		5915DD252432F25C003E7816 /* Preview Content */ = {
			isa = PBXGroup;
			children = (
				5915DD262432F25C003E7816 /* Preview Assets.xcassets */,
			);
			path = "Preview Content";
			sourceTree = "<group>";
		};
		5915DD342432F25C003E7816 /* PushleyTests */ = {
			isa = PBXGroup;
			children = (
				5915DD352432F25C003E7816 /* PushleyTests.swift */,
				5915DD372432F25C003E7816 /* Info.plist */,
			);
			path = PushleyTests;
			sourceTree = "<group>";
		};
		5915DD3F2432F25C003E7816 /* PushleyUITests */ = {
			isa = PBXGroup;
			children = (
				5915DD402432F25C003E7816 /* PushleyUITests.swift */,
				5915DD422432F25C003E7816 /* Info.plist */,
			);
			path = PushleyUITests;
			sourceTree = "<group>";
		};
		5915DD4E2432F2DF003E7816 /* Resources */ = {
			isa = PBXGroup;
			children = (
			);
			path = Resources;
			sourceTree = "<group>";
		};
		5915DD512432F2DF003E7816 /* Model */ = {
			isa = PBXGroup;
			children = (
				5915DD522432F2DF003E7816 /* Certificate.swift */,
				596AA61F24568629007EA704 /* PushNotification.swift */,
			);
			path = Model;
			sourceTree = "<group>";
		};
		5915DD532432F2DF003E7816 /* Network */ = {
			isa = PBXGroup;
			children = (
				5915DD542432F2DF003E7816 /* APNNetworker.swift */,
				5915DD552432F2DF003E7816 /* JsonBodyStringEncoding.swift */,
			);
			path = Network;
			sourceTree = "<group>";
		};
		5915DD562432F2DF003E7816 /* UI */ = {
			isa = PBXGroup;
			children = (
				596AA61A24566B77007EA704 /* General */,
				5915DD572432F2DF003E7816 /* PushView */,
			);
			path = UI;
			sourceTree = "<group>";
		};
		5915DD572432F2DF003E7816 /* PushView */ = {
			isa = PBXGroup;
			children = (
				5915DD5A2432F2DF003E7816 /* PushView.swift */,
				5915DD582432F2DF003E7816 /* PushViewModel.swift */,
			);
			path = PushView;
			sourceTree = "<group>";
		};
		596AA61A24566B77007EA704 /* General */ = {
			isa = PBXGroup;
			children = (
			);
			path = General;
			sourceTree = "<group>";
		};
		59BF8D312456D97D000E4BF0 /* Extension */ = {
			isa = PBXGroup;
			children = (
				59BF8D332456D9A5000E4BF0 /* DateExtension.swift */,
				59B082012457F14F003DA6B7 /* CodableExtensions.swift */,
			);
			path = Extension;
			sourceTree = "<group>";
		};
		59BF8D322456D990000E4BF0 /* Helper */ = {
			isa = PBXGroup;
			children = (
				596AA61B24566B82007EA704 /* FilePicker.swift */,
				596AA61D24567A40007EA704 /* Dialog.swift */,
			);
			path = Helper;
			sourceTree = "<group>";
		};
		59BF8D372457AAFB000E4BF0 /* Repository */ = {
			isa = PBXGroup;
			children = (
				59BF8D382457AB67000E4BF0 /* PushNotificationRepository.swift */,
			);
			path = Repository;
			sourceTree = "<group>";
		};
		59BF8D3A2457B3CC000E4BF0 /* DI */ = {
			isa = PBXGroup;
			children = (
				59BF8D3B2457B3DB000E4BF0 /* DIContainer.swift */,
			);
			path = DI;
			sourceTree = "<group>";
		};
		DFE3883D5531B14879316A8F /* Frameworks */ = {
			isa = PBXGroup;
			children = (
				8D3275D767F9635A2EF6A85D /* Pods_Pushley.framework */,
				87E85474F1DC81AAE5A01F39 /* Pods_Pushley_PushleyUITests.framework */,
				15B852B3CA5E5CDF065F8BCA /* Pods_PushleyTests.framework */,
			);
			name = Frameworks;
			sourceTree = "<group>";
		};
/* End PBXGroup section */

/* Begin PBXNativeTarget section */
		5915DD1B2432F25B003E7816 /* Pushley */ = {
			isa = PBXNativeTarget;
			buildConfigurationList = 5915DD452432F25C003E7816 /* Build configuration list for PBXNativeTarget "Pushley" */;
			buildPhases = (
				17D1AA4B9EA0545194D8EC1A /* [CP] Check Pods Manifest.lock */,
				5915DD182432F25B003E7816 /* Sources */,
				5915DD192432F25B003E7816 /* Frameworks */,
				5915DD1A2432F25B003E7816 /* Resources */,
				F9A747856113D057A0619410 /* [CP] Embed Pods Frameworks */,
			);
			buildRules = (
			);
			dependencies = (
			);
			name = Pushley;
			productName = Pushley;
			productReference = 5915DD1C2432F25B003E7816 /* Pushley.app */;
			productType = "com.apple.product-type.application";
		};
		5915DD302432F25C003E7816 /* PushleyTests */ = {
			isa = PBXNativeTarget;
			buildConfigurationList = 5915DD482432F25C003E7816 /* Build configuration list for PBXNativeTarget "PushleyTests" */;
			buildPhases = (
				4BC6FE337D51FEB7204ECF89 /* [CP] Check Pods Manifest.lock */,
				5915DD2D2432F25C003E7816 /* Sources */,
				5915DD2E2432F25C003E7816 /* Frameworks */,
				5915DD2F2432F25C003E7816 /* Resources */,
			);
			buildRules = (
			);
			dependencies = (
				5915DD332432F25C003E7816 /* PBXTargetDependency */,
			);
			name = PushleyTests;
			productName = PushleyTests;
			productReference = 5915DD312432F25C003E7816 /* PushleyTests.xctest */;
			productType = "com.apple.product-type.bundle.unit-test";
		};
		5915DD3B2432F25C003E7816 /* PushleyUITests */ = {
			isa = PBXNativeTarget;
			buildConfigurationList = 5915DD4B2432F25C003E7816 /* Build configuration list for PBXNativeTarget "PushleyUITests" */;
			buildPhases = (
				D0A33CB2AE66A7DB4D63E750 /* [CP] Check Pods Manifest.lock */,
				5915DD382432F25C003E7816 /* Sources */,
				5915DD392432F25C003E7816 /* Frameworks */,
				5915DD3A2432F25C003E7816 /* Resources */,
				CBCCA7AA950ACF2BCA50C524 /* [CP] Embed Pods Frameworks */,
			);
			buildRules = (
			);
			dependencies = (
				5915DD3E2432F25C003E7816 /* PBXTargetDependency */,
			);
			name = PushleyUITests;
			productName = PushleyUITests;
			productReference = 5915DD3C2432F25C003E7816 /* PushleyUITests.xctest */;
			productType = "com.apple.product-type.bundle.ui-testing";
		};
/* End PBXNativeTarget section */

/* Begin PBXProject section */
		5915DD142432F25B003E7816 /* Project object */ = {
			isa = PBXProject;
			attributes = {
				LastSwiftUpdateCheck = 1130;
				LastUpgradeCheck = 1130;
				ORGANIZATIONNAME = "Johnnie Cheng";
				TargetAttributes = {
					5915DD1B2432F25B003E7816 = {
						CreatedOnToolsVersion = 11.3.1;
					};
					5915DD302432F25C003E7816 = {
						CreatedOnToolsVersion = 11.3.1;
						TestTargetID = 5915DD1B2432F25B003E7816;
					};
					5915DD3B2432F25C003E7816 = {
						CreatedOnToolsVersion = 11.3.1;
						TestTargetID = 5915DD1B2432F25B003E7816;
					};
				};
			};
			buildConfigurationList = 5915DD172432F25B003E7816 /* Build configuration list for PBXProject "Pushley" */;
			compatibilityVersion = "Xcode 9.3";
			developmentRegion = en;
			hasScannedForEncodings = 0;
			knownRegions = (
				en,
				Base,
			);
			mainGroup = 5915DD132432F25B003E7816;
			productRefGroup = 5915DD1D2432F25B003E7816 /* Products */;
			projectDirPath = "";
			projectRoot = "";
			targets = (
				5915DD1B2432F25B003E7816 /* Pushley */,
				5915DD302432F25C003E7816 /* PushleyTests */,
				5915DD3B2432F25C003E7816 /* PushleyUITests */,
			);
		};
/* End PBXProject section */

/* Begin PBXResourcesBuildPhase section */
		5915DD1A2432F25B003E7816 /* Resources */ = {
			isa = PBXResourcesBuildPhase;
			buildActionMask = 2147483647;
			files = (
				5915DD2A2432F25C003E7816 /* Main.storyboard in Resources */,
				5915DD272432F25C003E7816 /* Preview Assets.xcassets in Resources */,
				5915DD242432F25C003E7816 /* Assets.xcassets in Resources */,
			);
			runOnlyForDeploymentPostprocessing = 0;
		};
		5915DD2F2432F25C003E7816 /* Resources */ = {
			isa = PBXResourcesBuildPhase;
			buildActionMask = 2147483647;
			files = (
			);
			runOnlyForDeploymentPostprocessing = 0;
		};
		5915DD3A2432F25C003E7816 /* Resources */ = {
			isa = PBXResourcesBuildPhase;
			buildActionMask = 2147483647;
			files = (
			);
			runOnlyForDeploymentPostprocessing = 0;
		};
/* End PBXResourcesBuildPhase section */

/* Begin PBXShellScriptBuildPhase section */
		17D1AA4B9EA0545194D8EC1A /* [CP] Check Pods Manifest.lock */ = {
			isa = PBXShellScriptBuildPhase;
			buildActionMask = 2147483647;
			files = (
			);
			inputFileListPaths = (
			);
			inputPaths = (
				"${PODS_PODFILE_DIR_PATH}/Podfile.lock",
				"${PODS_ROOT}/Manifest.lock",
			);
			name = "[CP] Check Pods Manifest.lock";
			outputFileListPaths = (
			);
			outputPaths = (
				"$(DERIVED_FILE_DIR)/Pods-Pushley-checkManifestLockResult.txt",
			);
			runOnlyForDeploymentPostprocessing = 0;
			shellPath = /bin/sh;
			shellScript = "diff \"${PODS_PODFILE_DIR_PATH}/Podfile.lock\" \"${PODS_ROOT}/Manifest.lock\" > /dev/null\nif [ $? != 0 ] ; then\n    # print error to STDERR\n    echo \"error: The sandbox is not in sync with the Podfile.lock. Run 'pod install' or update your CocoaPods installation.\" >&2\n    exit 1\nfi\n# This output is used by Xcode 'outputs' to avoid re-running this script phase.\necho \"SUCCESS\" > \"${SCRIPT_OUTPUT_FILE_0}\"\n";
			showEnvVarsInLog = 0;
		};
		4BC6FE337D51FEB7204ECF89 /* [CP] Check Pods Manifest.lock */ = {
			isa = PBXShellScriptBuildPhase;
			buildActionMask = 2147483647;
			files = (
			);
			inputFileListPaths = (
			);
			inputPaths = (
				"${PODS_PODFILE_DIR_PATH}/Podfile.lock",
				"${PODS_ROOT}/Manifest.lock",
			);
			name = "[CP] Check Pods Manifest.lock";
			outputFileListPaths = (
			);
			outputPaths = (
				"$(DERIVED_FILE_DIR)/Pods-PushleyTests-checkManifestLockResult.txt",
			);
			runOnlyForDeploymentPostprocessing = 0;
			shellPath = /bin/sh;
			shellScript = "diff \"${PODS_PODFILE_DIR_PATH}/Podfile.lock\" \"${PODS_ROOT}/Manifest.lock\" > /dev/null\nif [ $? != 0 ] ; then\n    # print error to STDERR\n    echo \"error: The sandbox is not in sync with the Podfile.lock. Run 'pod install' or update your CocoaPods installation.\" >&2\n    exit 1\nfi\n# This output is used by Xcode 'outputs' to avoid re-running this script phase.\necho \"SUCCESS\" > \"${SCRIPT_OUTPUT_FILE_0}\"\n";
			showEnvVarsInLog = 0;
		};
		CBCCA7AA950ACF2BCA50C524 /* [CP] Embed Pods Frameworks */ = {
			isa = PBXShellScriptBuildPhase;
			buildActionMask = 2147483647;
			files = (
			);
			inputFileListPaths = (
				"${PODS_ROOT}/Target Support Files/Pods-Pushley-PushleyUITests/Pods-Pushley-PushleyUITests-frameworks-${CONFIGURATION}-input-files.xcfilelist",
			);
			name = "[CP] Embed Pods Frameworks";
			outputFileListPaths = (
				"${PODS_ROOT}/Target Support Files/Pods-Pushley-PushleyUITests/Pods-Pushley-PushleyUITests-frameworks-${CONFIGURATION}-output-files.xcfilelist",
			);
			runOnlyForDeploymentPostprocessing = 0;
			shellPath = /bin/sh;
			shellScript = "\"${PODS_ROOT}/Target Support Files/Pods-Pushley-PushleyUITests/Pods-Pushley-PushleyUITests-frameworks.sh\"\n";
			showEnvVarsInLog = 0;
		};
		D0A33CB2AE66A7DB4D63E750 /* [CP] Check Pods Manifest.lock */ = {
			isa = PBXShellScriptBuildPhase;
			buildActionMask = 2147483647;
			files = (
			);
			inputFileListPaths = (
			);
			inputPaths = (
				"${PODS_PODFILE_DIR_PATH}/Podfile.lock",
				"${PODS_ROOT}/Manifest.lock",
			);
			name = "[CP] Check Pods Manifest.lock";
			outputFileListPaths = (
			);
			outputPaths = (
				"$(DERIVED_FILE_DIR)/Pods-Pushley-PushleyUITests-checkManifestLockResult.txt",
			);
			runOnlyForDeploymentPostprocessing = 0;
			shellPath = /bin/sh;
			shellScript = "diff \"${PODS_PODFILE_DIR_PATH}/Podfile.lock\" \"${PODS_ROOT}/Manifest.lock\" > /dev/null\nif [ $? != 0 ] ; then\n    # print error to STDERR\n    echo \"error: The sandbox is not in sync with the Podfile.lock. Run 'pod install' or update your CocoaPods installation.\" >&2\n    exit 1\nfi\n# This output is used by Xcode 'outputs' to avoid re-running this script phase.\necho \"SUCCESS\" > \"${SCRIPT_OUTPUT_FILE_0}\"\n";
			showEnvVarsInLog = 0;
		};
		F9A747856113D057A0619410 /* [CP] Embed Pods Frameworks */ = {
			isa = PBXShellScriptBuildPhase;
			buildActionMask = 2147483647;
			files = (
			);
			inputFileListPaths = (
				"${PODS_ROOT}/Target Support Files/Pods-Pushley/Pods-Pushley-frameworks-${CONFIGURATION}-input-files.xcfilelist",
			);
			name = "[CP] Embed Pods Frameworks";
			outputFileListPaths = (
				"${PODS_ROOT}/Target Support Files/Pods-Pushley/Pods-Pushley-frameworks-${CONFIGURATION}-output-files.xcfilelist",
			);
			runOnlyForDeploymentPostprocessing = 0;
			shellPath = /bin/sh;
			shellScript = "\"${PODS_ROOT}/Target Support Files/Pods-Pushley/Pods-Pushley-frameworks.sh\"\n";
			showEnvVarsInLog = 0;
		};
/* End PBXShellScriptBuildPhase section */

/* Begin PBXSourcesBuildPhase section */
		5915DD182432F25B003E7816 /* Sources */ = {
			isa = PBXSourcesBuildPhase;
			buildActionMask = 2147483647;
			files = (
				5915DD5E2432F2DF003E7816 /* APNNetworker.swift in Sources */,
				59BF8D342456D9A5000E4BF0 /* DateExtension.swift in Sources */,
				596AA61C24566B82007EA704 /* FilePicker.swift in Sources */,
				5915DD622432F2DF003E7816 /* PushView.swift in Sources */,
				59BF8D3C2457B3DB000E4BF0 /* DIContainer.swift in Sources */,
				596AA61E24567A40007EA704 /* Dialog.swift in Sources */,
				59BF8D392457AB67000E4BF0 /* PushNotificationRepository.swift in Sources */,
				5915DD5D2432F2DF003E7816 /* Certificate.swift in Sources */,
				5915DD5F2432F2DF003E7816 /* JsonBodyStringEncoding.swift in Sources */,
				59B082022457F14F003DA6B7 /* CodableExtensions.swift in Sources */,
				5915DD602432F2DF003E7816 /* PushViewModel.swift in Sources */,
				5915DD202432F25B003E7816 /* AppDelegate.swift in Sources */,
				596AA62024568629007EA704 /* PushNotification.swift in Sources */,
			);
			runOnlyForDeploymentPostprocessing = 0;
		};
		5915DD2D2432F25C003E7816 /* Sources */ = {
			isa = PBXSourcesBuildPhase;
			buildActionMask = 2147483647;
			files = (
				5915DD362432F25C003E7816 /* PushleyTests.swift in Sources */,
			);
			runOnlyForDeploymentPostprocessing = 0;
		};
		5915DD382432F25C003E7816 /* Sources */ = {
			isa = PBXSourcesBuildPhase;
			buildActionMask = 2147483647;
			files = (
				5915DD412432F25C003E7816 /* PushleyUITests.swift in Sources */,
			);
			runOnlyForDeploymentPostprocessing = 0;
		};
/* End PBXSourcesBuildPhase section */

/* Begin PBXTargetDependency section */
		5915DD332432F25C003E7816 /* PBXTargetDependency */ = {
			isa = PBXTargetDependency;
			target = 5915DD1B2432F25B003E7816 /* Pushley */;
			targetProxy = 5915DD322432F25C003E7816 /* PBXContainerItemProxy */;
		};
		5915DD3E2432F25C003E7816 /* PBXTargetDependency */ = {
			isa = PBXTargetDependency;
			target = 5915DD1B2432F25B003E7816 /* Pushley */;
			targetProxy = 5915DD3D2432F25C003E7816 /* PBXContainerItemProxy */;
		};
/* End PBXTargetDependency section */

/* Begin PBXVariantGroup section */
		5915DD282432F25C003E7816 /* Main.storyboard */ = {
			isa = PBXVariantGroup;
			children = (
				5915DD292432F25C003E7816 /* Base */,
			);
			name = Main.storyboard;
			sourceTree = "<group>";
		};
/* End PBXVariantGroup section */

/* Begin XCBuildConfiguration section */
		5915DD432432F25C003E7816 /* Debug */ = {
			isa = XCBuildConfiguration;
			buildSettings = {
				ALWAYS_SEARCH_USER_PATHS = NO;
				CLANG_ANALYZER_NONNULL = YES;
				CLANG_ANALYZER_NUMBER_OBJECT_CONVERSION = YES_AGGRESSIVE;
				CLANG_CXX_LANGUAGE_STANDARD = "gnu++14";
				CLANG_CXX_LIBRARY = "libc++";
				CLANG_ENABLE_MODULES = YES;
				CLANG_ENABLE_OBJC_ARC = YES;
				CLANG_ENABLE_OBJC_WEAK = YES;
				CLANG_WARN_BLOCK_CAPTURE_AUTORELEASING = YES;
				CLANG_WARN_BOOL_CONVERSION = YES;
				CLANG_WARN_COMMA = YES;
				CLANG_WARN_CONSTANT_CONVERSION = YES;
				CLANG_WARN_DEPRECATED_OBJC_IMPLEMENTATIONS = YES;
				CLANG_WARN_DIRECT_OBJC_ISA_USAGE = YES_ERROR;
				CLANG_WARN_DOCUMENTATION_COMMENTS = YES;
				CLANG_WARN_EMPTY_BODY = YES;
				CLANG_WARN_ENUM_CONVERSION = YES;
				CLANG_WARN_INFINITE_RECURSION = YES;
				CLANG_WARN_INT_CONVERSION = YES;
				CLANG_WARN_NON_LITERAL_NULL_CONVERSION = YES;
				CLANG_WARN_OBJC_IMPLICIT_RETAIN_SELF = YES;
				CLANG_WARN_OBJC_LITERAL_CONVERSION = YES;
				CLANG_WARN_OBJC_ROOT_CLASS = YES_ERROR;
				CLANG_WARN_RANGE_LOOP_ANALYSIS = YES;
				CLANG_WARN_STRICT_PROTOTYPES = YES;
				CLANG_WARN_SUSPICIOUS_MOVE = YES;
				CLANG_WARN_UNGUARDED_AVAILABILITY = YES_AGGRESSIVE;
				CLANG_WARN_UNREACHABLE_CODE = YES;
				CLANG_WARN__DUPLICATE_METHOD_MATCH = YES;
				COPY_PHASE_STRIP = NO;
				DEBUG_INFORMATION_FORMAT = dwarf;
				ENABLE_STRICT_OBJC_MSGSEND = YES;
				ENABLE_TESTABILITY = YES;
				GCC_C_LANGUAGE_STANDARD = gnu11;
				GCC_DYNAMIC_NO_PIC = NO;
				GCC_NO_COMMON_BLOCKS = YES;
				GCC_OPTIMIZATION_LEVEL = 0;
				GCC_PREPROCESSOR_DEFINITIONS = (
					"DEBUG=1",
					"$(inherited)",
				);
				GCC_WARN_64_TO_32_BIT_CONVERSION = YES;
				GCC_WARN_ABOUT_RETURN_TYPE = YES_ERROR;
				GCC_WARN_UNDECLARED_SELECTOR = YES;
				GCC_WARN_UNINITIALIZED_AUTOS = YES_AGGRESSIVE;
				GCC_WARN_UNUSED_FUNCTION = YES;
				GCC_WARN_UNUSED_VARIABLE = YES;
				MACOSX_DEPLOYMENT_TARGET = 10.15;
				MTL_ENABLE_DEBUG_INFO = INCLUDE_SOURCE;
				MTL_FAST_MATH = YES;
				ONLY_ACTIVE_ARCH = YES;
				SDKROOT = macosx;
				SWIFT_ACTIVE_COMPILATION_CONDITIONS = DEBUG;
				SWIFT_OPTIMIZATION_LEVEL = "-Onone";
			};
			name = Debug;
		};
		5915DD442432F25C003E7816 /* Release */ = {
			isa = XCBuildConfiguration;
			buildSettings = {
				ALWAYS_SEARCH_USER_PATHS = NO;
				CLANG_ANALYZER_NONNULL = YES;
				CLANG_ANALYZER_NUMBER_OBJECT_CONVERSION = YES_AGGRESSIVE;
				CLANG_CXX_LANGUAGE_STANDARD = "gnu++14";
				CLANG_CXX_LIBRARY = "libc++";
				CLANG_ENABLE_MODULES = YES;
				CLANG_ENABLE_OBJC_ARC = YES;
				CLANG_ENABLE_OBJC_WEAK = YES;
				CLANG_WARN_BLOCK_CAPTURE_AUTORELEASING = YES;
				CLANG_WARN_BOOL_CONVERSION = YES;
				CLANG_WARN_COMMA = YES;
				CLANG_WARN_CONSTANT_CONVERSION = YES;
				CLANG_WARN_DEPRECATED_OBJC_IMPLEMENTATIONS = YES;
				CLANG_WARN_DIRECT_OBJC_ISA_USAGE = YES_ERROR;
				CLANG_WARN_DOCUMENTATION_COMMENTS = YES;
				CLANG_WARN_EMPTY_BODY = YES;
				CLANG_WARN_ENUM_CONVERSION = YES;
				CLANG_WARN_INFINITE_RECURSION = YES;
				CLANG_WARN_INT_CONVERSION = YES;
				CLANG_WARN_NON_LITERAL_NULL_CONVERSION = YES;
				CLANG_WARN_OBJC_IMPLICIT_RETAIN_SELF = YES;
				CLANG_WARN_OBJC_LITERAL_CONVERSION = YES;
				CLANG_WARN_OBJC_ROOT_CLASS = YES_ERROR;
				CLANG_WARN_RANGE_LOOP_ANALYSIS = YES;
				CLANG_WARN_STRICT_PROTOTYPES = YES;
				CLANG_WARN_SUSPICIOUS_MOVE = YES;
				CLANG_WARN_UNGUARDED_AVAILABILITY = YES_AGGRESSIVE;
				CLANG_WARN_UNREACHABLE_CODE = YES;
				CLANG_WARN__DUPLICATE_METHOD_MATCH = YES;
				COPY_PHASE_STRIP = NO;
				DEBUG_INFORMATION_FORMAT = "dwarf-with-dsym";
				ENABLE_NS_ASSERTIONS = NO;
				ENABLE_STRICT_OBJC_MSGSEND = YES;
				GCC_C_LANGUAGE_STANDARD = gnu11;
				GCC_NO_COMMON_BLOCKS = YES;
				GCC_WARN_64_TO_32_BIT_CONVERSION = YES;
				GCC_WARN_ABOUT_RETURN_TYPE = YES_ERROR;
				GCC_WARN_UNDECLARED_SELECTOR = YES;
				GCC_WARN_UNINITIALIZED_AUTOS = YES_AGGRESSIVE;
				GCC_WARN_UNUSED_FUNCTION = YES;
				GCC_WARN_UNUSED_VARIABLE = YES;
				MACOSX_DEPLOYMENT_TARGET = 10.15;
				MTL_ENABLE_DEBUG_INFO = NO;
				MTL_FAST_MATH = YES;
				SDKROOT = macosx;
				SWIFT_COMPILATION_MODE = wholemodule;
				SWIFT_OPTIMIZATION_LEVEL = "-O";
			};
			name = Release;
		};
		5915DD462432F25C003E7816 /* Debug */ = {
			isa = XCBuildConfiguration;
			baseConfigurationReference = A65EC6BF82EC4BCB18C0E4DE /* Pods-Pushley.debug.xcconfig */;
			buildSettings = {
				ASSETCATALOG_COMPILER_APPICON_NAME = AppIcon;
				CODE_SIGN_ENTITLEMENTS = Pushley/Pushley.entitlements;
				CODE_SIGN_STYLE = Automatic;
				COMBINE_HIDPI_IMAGES = YES;
				DEVELOPMENT_ASSET_PATHS = "\"Pushley/Preview Content\"";
				DEVELOPMENT_TEAM = 98ZR4W8N62;
				ENABLE_HARDENED_RUNTIME = YES;
				ENABLE_PREVIEWS = YES;
				INFOPLIST_FILE = Pushley/Info.plist;
				LD_RUNPATH_SEARCH_PATHS = (
					"$(inherited)",
					"@executable_path/../Frameworks",
				);
				MACOSX_DEPLOYMENT_TARGET = 10.15;
				PRODUCT_BUNDLE_IDENTIFIER = Johnnie.Pushley;
				PRODUCT_NAME = "$(TARGET_NAME)";
				SWIFT_VERSION = 5.0;
			};
			name = Debug;
		};
		5915DD472432F25C003E7816 /* Release */ = {
			isa = XCBuildConfiguration;
			baseConfigurationReference = 445BC1F747B353F182CD3817 /* Pods-Pushley.release.xcconfig */;
			buildSettings = {
				ASSETCATALOG_COMPILER_APPICON_NAME = AppIcon;
				CODE_SIGN_ENTITLEMENTS = Pushley/Pushley.entitlements;
				CODE_SIGN_STYLE = Automatic;
				COMBINE_HIDPI_IMAGES = YES;
				DEVELOPMENT_ASSET_PATHS = "\"Pushley/Preview Content\"";
				DEVELOPMENT_TEAM = 98ZR4W8N62;
				ENABLE_HARDENED_RUNTIME = YES;
				ENABLE_PREVIEWS = YES;
				INFOPLIST_FILE = Pushley/Info.plist;
				LD_RUNPATH_SEARCH_PATHS = (
					"$(inherited)",
					"@executable_path/../Frameworks",
				);
				MACOSX_DEPLOYMENT_TARGET = 10.15;
				PRODUCT_BUNDLE_IDENTIFIER = Johnnie.Pushley;
				PRODUCT_NAME = "$(TARGET_NAME)";
				SWIFT_VERSION = 5.0;
			};
			name = Release;
		};
		5915DD492432F25C003E7816 /* Debug */ = {
			isa = XCBuildConfiguration;
			baseConfigurationReference = 546B50B942E99120BA624D3A /* Pods-PushleyTests.debug.xcconfig */;
			buildSettings = {
				ALWAYS_EMBED_SWIFT_STANDARD_LIBRARIES = YES;
				BUNDLE_LOADER = "$(TEST_HOST)";
				CODE_SIGN_STYLE = Automatic;
				COMBINE_HIDPI_IMAGES = YES;
				DEVELOPMENT_TEAM = 98ZR4W8N62;
				INFOPLIST_FILE = PushleyTests/Info.plist;
				LD_RUNPATH_SEARCH_PATHS = (
					"$(inherited)",
					"@executable_path/../Frameworks",
					"@loader_path/../Frameworks",
				);
				MACOSX_DEPLOYMENT_TARGET = 10.15;
				PRODUCT_BUNDLE_IDENTIFIER = Johnnie.PushleyTests;
				PRODUCT_NAME = "$(TARGET_NAME)";
				SWIFT_VERSION = 5.0;
				TEST_HOST = "$(BUILT_PRODUCTS_DIR)/Pushley.app/Contents/MacOS/Pushley";
			};
			name = Debug;
		};
		5915DD4A2432F25C003E7816 /* Release */ = {
			isa = XCBuildConfiguration;
			baseConfigurationReference = D30436F461A0C5414012417A /* Pods-PushleyTests.release.xcconfig */;
			buildSettings = {
				ALWAYS_EMBED_SWIFT_STANDARD_LIBRARIES = YES;
				BUNDLE_LOADER = "$(TEST_HOST)";
				CODE_SIGN_STYLE = Automatic;
				COMBINE_HIDPI_IMAGES = YES;
				DEVELOPMENT_TEAM = 98ZR4W8N62;
				INFOPLIST_FILE = PushleyTests/Info.plist;
				LD_RUNPATH_SEARCH_PATHS = (
					"$(inherited)",
					"@executable_path/../Frameworks",
					"@loader_path/../Frameworks",
				);
				MACOSX_DEPLOYMENT_TARGET = 10.15;
				PRODUCT_BUNDLE_IDENTIFIER = Johnnie.PushleyTests;
				PRODUCT_NAME = "$(TARGET_NAME)";
				SWIFT_VERSION = 5.0;
				TEST_HOST = "$(BUILT_PRODUCTS_DIR)/Pushley.app/Contents/MacOS/Pushley";
			};
			name = Release;
		};
		5915DD4C2432F25C003E7816 /* Debug */ = {
			isa = XCBuildConfiguration;
			baseConfigurationReference = BE7B18E61A0C4701E33A02D7 /* Pods-Pushley-PushleyUITests.debug.xcconfig */;
			buildSettings = {
				ALWAYS_EMBED_SWIFT_STANDARD_LIBRARIES = YES;
				CODE_SIGN_STYLE = Automatic;
				COMBINE_HIDPI_IMAGES = YES;
				DEVELOPMENT_TEAM = 98ZR4W8N62;
				INFOPLIST_FILE = PushleyUITests/Info.plist;
				LD_RUNPATH_SEARCH_PATHS = (
					"$(inherited)",
					"@executable_path/../Frameworks",
					"@loader_path/../Frameworks",
				);
				PRODUCT_BUNDLE_IDENTIFIER = Johnnie.PushleyUITests;
				PRODUCT_NAME = "$(TARGET_NAME)";
				SWIFT_VERSION = 5.0;
				TEST_TARGET_NAME = Pushley;
			};
			name = Debug;
		};
		5915DD4D2432F25C003E7816 /* Release */ = {
			isa = XCBuildConfiguration;
			baseConfigurationReference = 44BC479C4DA1E412F88C2A4C /* Pods-Pushley-PushleyUITests.release.xcconfig */;
			buildSettings = {
				ALWAYS_EMBED_SWIFT_STANDARD_LIBRARIES = YES;
				CODE_SIGN_STYLE = Automatic;
				COMBINE_HIDPI_IMAGES = YES;
				DEVELOPMENT_TEAM = 98ZR4W8N62;
				INFOPLIST_FILE = PushleyUITests/Info.plist;
				LD_RUNPATH_SEARCH_PATHS = (
					"$(inherited)",
					"@executable_path/../Frameworks",
					"@loader_path/../Frameworks",
				);
				PRODUCT_BUNDLE_IDENTIFIER = Johnnie.PushleyUITests;
				PRODUCT_NAME = "$(TARGET_NAME)";
				SWIFT_VERSION = 5.0;
				TEST_TARGET_NAME = Pushley;
			};
			name = Release;
		};
/* End XCBuildConfiguration section */

/* Begin XCConfigurationList section */
		5915DD172432F25B003E7816 /* Build configuration list for PBXProject "Pushley" */ = {
			isa = XCConfigurationList;
			buildConfigurations = (
				5915DD432432F25C003E7816 /* Debug */,
				5915DD442432F25C003E7816 /* Release */,
			);
			defaultConfigurationIsVisible = 0;
			defaultConfigurationName = Release;
		};
		5915DD452432F25C003E7816 /* Build configuration list for PBXNativeTarget "Pushley" */ = {
			isa = XCConfigurationList;
			buildConfigurations = (
				5915DD462432F25C003E7816 /* Debug */,
				5915DD472432F25C003E7816 /* Release */,
			);
			defaultConfigurationIsVisible = 0;
			defaultConfigurationName = Release;
		};
		5915DD482432F25C003E7816 /* Build configuration list for PBXNativeTarget "PushleyTests" */ = {
			isa = XCConfigurationList;
			buildConfigurations = (
				5915DD492432F25C003E7816 /* Debug */,
				5915DD4A2432F25C003E7816 /* Release */,
			);
			defaultConfigurationIsVisible = 0;
			defaultConfigurationName = Release;
		};
		5915DD4B2432F25C003E7816 /* Build configuration list for PBXNativeTarget "PushleyUITests" */ = {
			isa = XCConfigurationList;
			buildConfigurations = (
				5915DD4C2432F25C003E7816 /* Debug */,
				5915DD4D2432F25C003E7816 /* Release */,
			);
			defaultConfigurationIsVisible = 0;
			defaultConfigurationName = Release;
		};
/* End XCConfigurationList section */
	};
	rootObject = 5915DD142432F25B003E7816 /* Project object */;
}
